
Microsoft Visual Studio Solution File, Format Version 12.00
# Visual Studio 14
VisualStudioVersion = 14.0.25420.1
MinimumVisualStudioVersion = 10.0.40219.1
Project("{FAE04EC0-301F-11D3-BF4B-00C04F79EFBC}") = "Chronoir_net.Chronica.WatchfaceExtension", "Chronoir_net.Chronica.WatchfaceExtension\Chronoir_net.Chronica.WatchfaceExtension.csproj", "{BB50946F-C039-4209-96C3-CA367B6A2F07}"
EndProject
Global
	GlobalSection(SolutionConfigurationPlatforms) = preSolution
		Debug|Any CPU = Debug|Any CPU
		Release|Any CPU = Release|Any CPU
	EndGlobalSection
	GlobalSection(ProjectConfigurationPlatforms) = postSolution
		{BB50946F-C039-4209-96C3-CA367B6A2F07}.Debug|Any CPU.ActiveCfg = Debug|Any CPU
		{BB50946F-C039-4209-96C3-CA367B6A2F07}.Debug|Any CPU.Build.0 = Debug|Any CPU
		{BB50946F-C039-4209-96C3-CA367B6A2F07}.Release|Any CPU.ActiveCfg = Release|Any CPU
		{BB50946F-C039-4209-96C3-CA367B6A2F07}.Release|Any CPU.Build.0 = Release|Any CPU
	EndGlobalSection
	GlobalSection(SolutionProperties) = preSolution
		HideSolutionNode = FALSE
	EndGlobalSection
EndGlobal
